// !$*UTF8*$!
{
	archiveVersion = 1;
	classes = {
	};
	objectVersion = 46;
	objects = {

/* Begin PBXBuildFile section */
		0B8307F01AD6AF3D0001B4C3 /* AppDelegate.m in Sources */ = {isa = PBXBuildFile; fileRef = 0B8307EF1AD6AF3D0001B4C3 /* AppDelegate.m */; };
		0B8307F21AD6AF3D0001B4C3 /* main.m in Sources */ = {isa = PBXBuildFile; fileRef = 0B8307F11AD6AF3D0001B4C3 /* main.m */; };
		0B8307F41AD6AF3D0001B4C3 /* Images.xcassets in Resources */ = {isa = PBXBuildFile; fileRef = 0B8307F31AD6AF3D0001B4C3 /* Images.xcassets */; };
		0B8307F71AD6AF3D0001B4C3 /* MainMenu.xib in Resources */ = {isa = PBXBuildFile; fileRef = 0B8307F51AD6AF3D0001B4C3 /* MainMenu.xib */; };
		0B8308031AD6AF3D0001B4C3 /* PFAboutWindowExampleTests.m in Sources */ = {isa = PBXBuildFile; fileRef = 0B8308021AD6AF3D0001B4C3 /* PFAboutWindowExampleTests.m */; };
		0B8308131AD6C2500001B4C3 /* PFAboutWindow.xib in Resources */ = {isa = PBXBuildFile; fileRef = 0B8308101AD6C2500001B4C3 /* PFAboutWindow.xib */; };
		0B8308141AD6C2500001B4C3 /* PFAboutWindowController.m in Sources */ = {isa = PBXBuildFile; fileRef = 0B8308121AD6C2500001B4C3 /* PFAboutWindowController.m */; };
		0B8308161AD6C2F20001B4C3 /* Credits.rtf in Resources */ = {isa = PBXBuildFile; fileRef = 0B8308151AD6C2F20001B4C3 /* Credits.rtf */; };
		0B8308181AD7AFD90001B4C3 /* EULA.rtf in Resources */ = {isa = PBXBuildFile; fileRef = 0B8308171AD7AFD90001B4C3 /* EULA.rtf */; };
		0B83081A1AD80D300001B4C3 /* Localizable.strings in Resources */ = {isa = PBXBuildFile; fileRef = 0B8308191AD80D300001B4C3 /* Localizable.strings */; };
/* End PBXBuildFile section */

/* Begin PBXContainerItemProxy section */
		0B8307FD1AD6AF3D0001B4C3 /* PBXContainerItemProxy */ = {
			isa = PBXContainerItemProxy;
			containerPortal = 0B8307E11AD6AF3D0001B4C3 /* Project object */;
			proxyType = 1;
			remoteGlobalIDString = 0B8307E81AD6AF3D0001B4C3;
			remoteInfo = PFAboutWindowExample;
		};
/* End PBXContainerItemProxy section */

/* Begin PBXFileReference section */
		0B8307E91AD6AF3D0001B4C3 /* PFAboutWindowExample.app */ = {isa = PBXFileReference; explicitFileType = wrapper.application; includeInIndex = 0; path = PFAboutWindowExample.app; sourceTree = BUILT_PRODUCTS_DIR; };
		0B8307ED1AD6AF3D0001B4C3 /* Info.plist */ = {isa = PBXFileReference; lastKnownFileType = text.plist.xml; path = Info.plist; sourceTree = "<group>"; };
		0B8307EE1AD6AF3D0001B4C3 /* AppDelegate.h */ = {isa = PBXFileReference; lastKnownFileType = sourcecode.c.h; path = AppDelegate.h; sourceTree = "<group>"; };
		0B8307EF1AD6AF3D0001B4C3 /* AppDelegate.m */ = {isa = PBXFileReference; lastKnownFileType = sourcecode.c.objc; path = AppDelegate.m; sourceTree = "<group>"; };
		0B8307F11AD6AF3D0001B4C3 /* main.m */ = {isa = PBXFileReference; lastKnownFileType = sourcecode.c.objc; path = main.m; sourceTree = "<group>"; };
		0B8307F31AD6AF3D0001B4C3 /* Images.xcassets */ = {isa = PBXFileReference; lastKnownFileType = folder.assetcatalog; path = Images.xcassets; sourceTree = "<group>"; };
		0B8307F61AD6AF3D0001B4C3 /* Base */ = {isa = PBXFileReference; lastKnownFileType = file.xib; name = Base; path = Base.lproj/MainMenu.xib; sourceTree = "<group>"; };
		0B8307FC1AD6AF3D0001B4C3 /* PFAboutWindowExampleTests.xctest */ = {isa = PBXFileReference; explicitFileType = wrapper.cfbundle; includeInIndex = 0; path = PFAboutWindowExampleTests.xctest; sourceTree = BUILT_PRODUCTS_DIR; };
		0B8308011AD6AF3D0001B4C3 /* Info.plist */ = {isa = PBXFileReference; lastKnownFileType = text.plist.xml; path = Info.plist; sourceTree = "<group>"; };
		0B8308021AD6AF3D0001B4C3 /* PFAboutWindowExampleTests.m */ = {isa = PBXFileReference; lastKnownFileType = sourcecode.c.objc; path = PFAboutWindowExampleTests.m; sourceTree = "<group>"; };
		0B8308101AD6C2500001B4C3 /* PFAboutWindow.xib */ = {isa = PBXFileReference; fileEncoding = 4; lastKnownFileType = file.xib; name = PFAboutWindow.xib; path = ../../PFAboutWindow/PFAboutWindow.xib; sourceTree = "<group>"; };
		0B8308111AD6C2500001B4C3 /* PFAboutWindowController.h */ = {isa = PBXFileReference; fileEncoding = 4; lastKnownFileType = sourcecode.c.h; name = PFAboutWindowController.h; path = ../../PFAboutWindow/PFAboutWindowController.h; sourceTree = "<group>"; };
		0B8308121AD6C2500001B4C3 /* PFAboutWindowController.m */ = {isa = PBXFileReference; fileEncoding = 4; lastKnownFileType = sourcecode.c.objc; name = PFAboutWindowController.m; path = ../../PFAboutWindow/PFAboutWindowController.m; sourceTree = "<group>"; };
		0B8308151AD6C2F20001B4C3 /* Credits.rtf */ = {isa = PBXFileReference; fileEncoding = 4; lastKnownFileType = text.rtf; path = Credits.rtf; sourceTree = "<group>"; };
		0B8308171AD7AFD90001B4C3 /* EULA.rtf */ = {isa = PBXFileReference; fileEncoding = 4; lastKnownFileType = text.rtf; path = EULA.rtf; sourceTree = "<group>"; };
		0B8308191AD80D300001B4C3 /* Localizable.strings */ = {isa = PBXFileReference; fileEncoding = 4; lastKnownFileType = text.plist.strings; path = Localizable.strings; sourceTree = "<group>"; };
/* End PBXFileReference section */

/* Begin PBXFrameworksBuildPhase section */
		0B8307E61AD6AF3D0001B4C3 /* Frameworks */ = {
			isa = PBXFrameworksBuildPhase;
			buildActionMask = 2147483647;
			files = (
			);
			runOnlyForDeploymentPostprocessing = 0;
		};
		0B8307F91AD6AF3D0001B4C3 /* Frameworks */ = {
			isa = PBXFrameworksBuildPhase;
			buildActionMask = 2147483647;
			files = (
			);
			runOnlyForDeploymentPostprocessing = 0;
		};
/* End PBXFrameworksBuildPhase section */

/* Begin PBXGroup section */
		0B8307E01AD6AF3D0001B4C3 = {
			isa = PBXGroup;
			children = (
				0B8307EB1AD6AF3D0001B4C3 /* PFAboutWindowExample */,
				0B8307FF1AD6AF3D0001B4C3 /* PFAboutWindowExampleTests */,
				0B8307EA1AD6AF3D0001B4C3 /* Products */,
			);
			sourceTree = "<group>";
		};
		0B8307EA1AD6AF3D0001B4C3 /* Products */ = {
			isa = PBXGroup;
			children = (
				0B8307E91AD6AF3D0001B4C3 /* PFAboutWindowExample.app */,
				0B8307FC1AD6AF3D0001B4C3 /* PFAboutWindowExampleTests.xctest */,
			);
			name = Products;
			sourceTree = "<group>";
		};
		0B8307EB1AD6AF3D0001B4C3 /* PFAboutWindowExample */ = {
			isa = PBXGroup;
			children = (
				0B8308101AD6C2500001B4C3 /* PFAboutWindow.xib */,
				0B8308111AD6C2500001B4C3 /* PFAboutWindowController.h */,
				0B8308121AD6C2500001B4C3 /* PFAboutWindowController.m */,
				0B8308191AD80D300001B4C3 /* Localizable.strings */,
				0B8307EE1AD6AF3D0001B4C3 /* AppDelegate.h */,
				0B8307EF1AD6AF3D0001B4C3 /* AppDelegate.m */,
				0B8307F31AD6AF3D0001B4C3 /* Images.xcassets */,
				0B8307F51AD6AF3D0001B4C3 /* MainMenu.xib */,
				0B8307EC1AD6AF3D0001B4C3 /* Supporting Files */,
			);
			path = PFAboutWindowExample;
			sourceTree = "<group>";
		};
		0B8307EC1AD6AF3D0001B4C3 /* Supporting Files */ = {
			isa = PBXGroup;
			children = (
				0B8307ED1AD6AF3D0001B4C3 /* Info.plist */,
				0B8307F11AD6AF3D0001B4C3 /* main.m */,
				0B8308151AD6C2F20001B4C3 /* Credits.rtf */,
				0B8308171AD7AFD90001B4C3 /* EULA.rtf */,
			);
			name = "Supporting Files";
			sourceTree = "<group>";
		};
		0B8307FF1AD6AF3D0001B4C3 /* PFAboutWindowExampleTests */ = {
			isa = PBXGroup;
			children = (
				0B8308021AD6AF3D0001B4C3 /* PFAboutWindowExampleTests.m */,
				0B8308001AD6AF3D0001B4C3 /* Supporting Files */,
			);
			path = PFAboutWindowExampleTests;
			sourceTree = "<group>";
		};
		0B8308001AD6AF3D0001B4C3 /* Supporting Files */ = {
			isa = PBXGroup;
			children = (
				0B8308011AD6AF3D0001B4C3 /* Info.plist */,
			);
			name = "Supporting Files";
			sourceTree = "<group>";
		};
/* End PBXGroup section */

/* Begin PBXNativeTarget section */
		0B8307E81AD6AF3D0001B4C3 /* PFAboutWindowExample */ = {
			isa = PBXNativeTarget;
			buildConfigurationList = 0B8308061AD6AF3D0001B4C3 /* Build configuration list for PBXNativeTarget "PFAboutWindowExample" */;
			buildPhases = (
				0B8307E51AD6AF3D0001B4C3 /* Sources */,
				0B8307E61AD6AF3D0001B4C3 /* Frameworks */,
				0B8307E71AD6AF3D0001B4C3 /* Resources */,
			);
			buildRules = (
			);
			dependencies = (
			);
			name = PFAboutWindowExample;
			productName = PFAboutWindowExample;
			productReference = 0B8307E91AD6AF3D0001B4C3 /* PFAboutWindowExample.app */;
			productType = "com.apple.product-type.application";
		};
		0B8307FB1AD6AF3D0001B4C3 /* PFAboutWindowExampleTests */ = {
			isa = PBXNativeTarget;
			buildConfigurationList = 0B8308091AD6AF3D0001B4C3 /* Build configuration list for PBXNativeTarget "PFAboutWindowExampleTests" */;
			buildPhases = (
				0B8307F81AD6AF3D0001B4C3 /* Sources */,
				0B8307F91AD6AF3D0001B4C3 /* Frameworks */,
				0B8307FA1AD6AF3D0001B4C3 /* Resources */,
			);
			buildRules = (
			);
			dependencies = (
				0B8307FE1AD6AF3D0001B4C3 /* PBXTargetDependency */,
			);
			name = PFAboutWindowExampleTests;
			productName = PFAboutWindowExampleTests;
			productReference = 0B8307FC1AD6AF3D0001B4C3 /* PFAboutWindowExampleTests.xctest */;
			productType = "com.apple.product-type.bundle.unit-test";
		};
/* End PBXNativeTarget section */

/* Begin PBXProject section */
		0B8307E11AD6AF3D0001B4C3 /* Project object */ = {
			isa = PBXProject;
			attributes = {
				LastUpgradeCheck = 0620;
				ORGANIZATIONNAME = faramaz;
				TargetAttributes = {
					0B8307E81AD6AF3D0001B4C3 = {
						CreatedOnToolsVersion = 6.2;
					};
					0B8307FB1AD6AF3D0001B4C3 = {
						CreatedOnToolsVersion = 6.2;
						TestTargetID = 0B8307E81AD6AF3D0001B4C3;
					};
				};
			};
			buildConfigurationList = 0B8307E41AD6AF3D0001B4C3 /* Build configuration list for PBXProject "PFAboutWindowExample" */;
			compatibilityVersion = "Xcode 3.2";
			developmentRegion = English;
			hasScannedForEncodings = 0;
			knownRegions = (
				en,
				Base,
			);
			mainGroup = 0B8307E01AD6AF3D0001B4C3;
			productRefGroup = 0B8307EA1AD6AF3D0001B4C3 /* Products */;
			projectDirPath = "";
			projectRoot = "";
			targets = (
				0B8307E81AD6AF3D0001B4C3 /* PFAboutWindowExample */,
				0B8307FB1AD6AF3D0001B4C3 /* PFAboutWindowExampleTests */,
			);
		};
/* End PBXProject section */

/* Begin PBXResourcesBuildPhase section */
		0B8307E71AD6AF3D0001B4C3 /* Resources */ = {
			isa = PBXResourcesBuildPhase;
			buildActionMask = 2147483647;
			files = (
				0B8308181AD7AFD90001B4C3 /* EULA.rtf in Resources */,
				0B83081A1AD80D300001B4C3 /* Localizable.strings in Resources */,
				0B8307F41AD6AF3D0001B4C3 /* Images.xcassets in Resources */,
				0B8307F71AD6AF3D0001B4C3 /* MainMenu.xib in Resources */,
				0B8308131AD6C2500001B4C3 /* PFAboutWindow.xib in Resources */,
				0B8308161AD6C2F20001B4C3 /* Credits.rtf in Resources */,
			);
			runOnlyForDeploymentPostprocessing = 0;
		};
		0B8307FA1AD6AF3D0001B4C3 /* Resources */ = {
			isa = PBXResourcesBuildPhase;
			buildActionMask = 2147483647;
			files = (
			);
			runOnlyForDeploymentPostprocessing = 0;
		};
/* End PBXResourcesBuildPhase section */

/* Begin PBXSourcesBuildPhase section */
		0B8307E51AD6AF3D0001B4C3 /* Sources */ = {
			isa = PBXSourcesBuildPhase;
			buildActionMask = 2147483647;
			files = (
				0B8307F21AD6AF3D0001B4C3 /* main.m in Sources */,
				0B8307F01AD6AF3D0001B4C3 /* AppDelegate.m in Sources */,
				0B8308141AD6C2500001B4C3 /* PFAboutWindowController.m in Sources */,
			);
			runOnlyForDeploymentPostprocessing = 0;
		};
		0B8307F81AD6AF3D0001B4C3 /* Sources */ = {
			isa = PBXSourcesBuildPhase;
			buildActionMask = 2147483647;
			files = (
				0B8308031AD6AF3D0001B4C3 /* PFAboutWindowExampleTests.m in Sources */,
			);
			runOnlyForDeploymentPostprocessing = 0;
		};
/* End PBXSourcesBuildPhase section */

/* Begin PBXTargetDependency section */
		0B8307FE1AD6AF3D0001B4C3 /* PBXTargetDependency */ = {
			isa = PBXTargetDependency;
			target = 0B8307E81AD6AF3D0001B4C3 /* PFAboutWindowExample */;
			targetProxy = 0B8307FD1AD6AF3D0001B4C3 /* PBXContainerItemProxy */;
		};
/* End PBXTargetDependency section */

/* Begin PBXVariantGroup section */
		0B8307F51AD6AF3D0001B4C3 /* MainMenu.xib */ = {
			isa = PBXVariantGroup;
			children = (
				0B8307F61AD6AF3D0001B4C3 /* Base */,
			);
			name = MainMenu.xib;
			sourceTree = "<group>";
		};
/* End PBXVariantGroup section */

/* Begin XCBuildConfiguration section */
		0B8308041AD6AF3D0001B4C3 /* Debug */ = {
			isa = XCBuildConfiguration;
			buildSettings = {
				ALWAYS_SEARCH_USER_PATHS = NO;
				CLANG_CXX_LANGUAGE_STANDARD = "gnu++0x";
				CLANG_CXX_LIBRARY = "libc++";
				CLANG_ENABLE_MODULES = YES;
				CLANG_ENABLE_OBJC_ARC = YES;
				CLANG_WARN_BOOL_CONVERSION = YES;
				CLANG_WARN_CONSTANT_CONVERSION = YES;
				CLANG_WARN_DIRECT_OBJC_ISA_USAGE = YES_ERROR;
				CLANG_WARN_EMPTY_BODY = YES;
				CLANG_WARN_ENUM_CONVERSION = YES;
				CLANG_WARN_INT_CONVERSION = YES;
				CLANG_WARN_OBJC_ROOT_CLASS = YES_ERROR;
				CLANG_WARN_UNREACHABLE_CODE = YES;
				CLANG_WARN__DUPLICATE_METHOD_MATCH = YES;
				CODE_SIGN_IDENTITY = "-";
				COPY_PHASE_STRIP = NO;
				ENABLE_STRICT_OBJC_MSGSEND = YES;
				GCC_C_LANGUAGE_STANDARD = gnu99;
				GCC_DYNAMIC_NO_PIC = NO;
				GCC_OPTIMIZATION_LEVEL = 0;
				GCC_PREPROCESSOR_DEFINITIONS = (
					"DEBUG=1",
					"$(inherited)",
				);
				GCC_SYMBOLS_PRIVATE_EXTERN = NO;
				GCC_WARN_64_TO_32_BIT_CONVERSION = YES;
				GCC_WARN_ABOUT_RETURN_TYPE = YES_ERROR;
				GCC_WARN_UNDECLARED_SELECTOR = YES;
				GCC_WARN_UNINITIALIZED_AUTOS = YES_AGGRESSIVE;
				GCC_WARN_UNUSED_FUNCTION = YES;
				GCC_WARN_UNUSED_VARIABLE = YES;
				MACOSX_DEPLOYMENT_TARGET = 10.10;
				MTL_ENABLE_DEBUG_INFO = YES;
				ONLY_ACTIVE_ARCH = YES;
				SDKROOT = macosx;
			};
			name = Debug;
		};
		0B8308051AD6AF3D0001B4C3 /* Release */ = {
			isa = XCBuildConfiguration;
			buildSettings = {
				ALWAYS_SEARCH_USER_PATHS = NO;
				CLANG_CXX_LANGUAGE_STANDARD = "gnu++0x";
				CLANG_CXX_LIBRARY = "libc++";
				CLANG_ENABLE_MODULES = YES;
				CLANG_ENABLE_OBJC_ARC = YES;
				CLANG_WARN_BOOL_CONVERSION = YES;
				CLANG_WARN_CONSTANT_CONVERSION = YES;
				CLANG_WARN_DIRECT_OBJC_ISA_USAGE = YES_ERROR;
				CLANG_WARN_EMPTY_BODY = YES;
				CLANG_WARN_ENUM_CONVERSION = YES;
				CLANG_WARN_INT_CONVERSION = YES;
				CLANG_WARN_OBJC_ROOT_CLASS = YES_ERROR;
				CLANG_WARN_UNREACHABLE_CODE = YES;
				CLANG_WARN__DUPLICATE_METHOD_MATCH = YES;
				CODE_SIGN_IDENTITY = "-";
				COPY_PHASE_STRIP = NO;
				DEBUG_INFORMATION_FORMAT = "dwarf-with-dsym";
				ENABLE_NS_ASSERTIONS = NO;
				ENABLE_STRICT_OBJC_MSGSEND = YES;
				GCC_C_LANGUAGE_STANDARD = gnu99;
				GCC_WARN_64_TO_32_BIT_CONVERSION = YES;
				GCC_WARN_ABOUT_RETURN_TYPE = YES_ERROR;
				GCC_WARN_UNDECLARED_SELECTOR = YES;
				GCC_WARN_UNINITIALIZED_AUTOS = YES_AGGRESSIVE;
				GCC_WARN_UNUSED_FUNCTION = YES;
				GCC_WARN_UNUSED_VARIABLE = YES;
				MACOSX_DEPLOYMENT_TARGET = 10.10;
				MTL_ENABLE_DEBUG_INFO = NO;
				SDKROOT = macosx;
			};
			name = Release;
		};
		0B8308071AD6AF3D0001B4C3 /* Debug */ = {
			isa = XCBuildConfiguration;
			buildSettings = {
				ASSETCATALOG_COMPILER_APPICON_NAME = AppIcon;
				COMBINE_HIDPI_IMAGES = YES;
				INFOPLIST_FILE = PFAboutWindowExample/Info.plist;
				LD_RUNPATH_SEARCH_PATHS = "$(inherited) @executable_path/../Frameworks";
				PRODUCT_NAME = "$(TARGET_NAME)";
			};
			name = Debug;
		};
		0B8308081AD6AF3D0001B4C3 /* Release */ = {
			isa = XCBuildConfiguration;
			buildSettings = {
				ASSETCATALOG_COMPILER_APPICON_NAME = AppIcon;
				COMBINE_HIDPI_IMAGES = YES;
				INFOPLIST_FILE = PFAboutWindowExample/Info.plist;
				LD_RUNPATH_SEARCH_PATHS = "$(inherited) @executable_path/../Frameworks";
				PRODUCT_NAME = "$(TARGET_NAME)";
			};
			name = Release;
		};
		0B83080A1AD6AF3D0001B4C3 /* Debug */ = {
			isa = XCBuildConfiguration;
			buildSettings = {
				BUNDLE_LOADER = "$(TEST_HOST)";
				COMBINE_HIDPI_IMAGES = YES;
				FRAMEWORK_SEARCH_PATHS = (
					"$(DEVELOPER_FRAMEWORKS_DIR)",
					"$(inherited)",
				);
				GCC_PREPROCESSOR_DEFINITIONS = (
					"DEBUG=1",
					"$(inherited)",
				);
				INFOPLIST_FILE = PFAboutWindowExampleTests/Info.plist;
				LD_RUNPATH_SEARCH_PATHS = "$(inherited) @executable_path/../Frameworks @loader_path/../Frameworks";
				PRODUCT_NAME = "$(TARGET_NAME)";
				TEST_HOST = "$(BUILT_PRODUCTS_DIR)/PFAboutWindowExample.app/Contents/MacOS/PFAboutWindowExample";
			};
			name = Debug;
		};
		0B83080B1AD6AF3D0001B4C3 /* Release */ = {
			isa = XCBuildConfiguration;
			buildSettings = {
				BUNDLE_LOADER = "$(TEST_HOST)";
				COMBINE_HIDPI_IMAGES = YES;
				FRAMEWORK_SEARCH_PATHS = (
					"$(DEVELOPER_FRAMEWORKS_DIR)",
					"$(inherited)",
				);
				INFOPLIST_FILE = PFAboutWindowExampleTests/Info.plist;
				LD_RUNPATH_SEARCH_PATHS = "$(inherited) @executable_path/../Frameworks @loader_path/../Frameworks";
				PRODUCT_NAME = "$(TARGET_NAME)";
				TEST_HOST = "$(BUILT_PRODUCTS_DIR)/PFAboutWindowExample.app/Contents/MacOS/PFAboutWindowExample";
			};
			name = Release;
		};
/* End XCBuildConfiguration section */

/* Begin XCConfigurationList section */
		0B8307E41AD6AF3D0001B4C3 /* Build configuration list for PBXProject "PFAboutWindowExample" */ = {
			isa = XCConfigurationList;
			buildConfigurations = (
				0B8308041AD6AF3D0001B4C3 /* Debug */,
				0B8308051AD6AF3D0001B4C3 /* Release */,
			);
			defaultConfigurationIsVisible = 0;
			defaultConfigurationName = Release;
		};
		0B8308061AD6AF3D0001B4C3 /* Build configuration list for PBXNativeTarget "PFAboutWindowExample" */ = {
			isa = XCConfigurationList;
			buildConfigurations = (
				0B8308071AD6AF3D0001B4C3 /* Debug */,
				0B8308081AD6AF3D0001B4C3 /* Release */,
			);
			defaultConfigurationIsVisible = 0;
			defaultConfigurationName = Release;
		};
		0B8308091AD6AF3D0001B4C3 /* Build configuration list for PBXNativeTarget "PFAboutWindowExampleTests" */ = {
			isa = XCConfigurationList;
			buildConfigurations = (
				0B83080A1AD6AF3D0001B4C3 /* Debug */,
				0B83080B1AD6AF3D0001B4C3 /* Release */,
			);
			defaultConfigurationIsVisible = 0;
			defaultConfigurationName = Release;
		};
/* End XCConfigurationList section */
	};
	rootObject = 0B8307E11AD6AF3D0001B4C3 /* Project object */;
}
